
Microsoft Visual Studio Solution File, Format Version 12.00
# Visual Studio Version 16
VisualStudioVersion = 16.0.31729.503
MinimumVisualStudioVersion = 10.0.40219.1
Project("{FAE04EC0-301F-11D3-BF4B-00C04F79EFBC}") = "MvcMovie", "MvcMovie\MvcMovie.csproj", "{CF4494CB-7AFA-443F-B259-BE2441344125}"
EndProject
Global
	GlobalSection(SolutionConfigurationPlatforms) = preSolution
		Debug|Any CPU = Debug|Any CPU
		Release|Any CPU = Release|Any CPU
	EndGlobalSection
	GlobalSection(ProjectConfigurationPlatforms) = postSolution
		{CF4494CB-7AFA-443F-B259-BE2441344125}.Debug|Any CPU.ActiveCfg = Debug|Any CPU
		{CF4494CB-7AFA-443F-B259-BE2441344125}.Debug|Any CPU.Build.0 = Debug|Any CPU
		{CF4494CB-7AFA-443F-B259-BE2441344125}.Release|Any CPU.ActiveCfg = Release|Any CPU
		{CF4494CB-7AFA-443F-B259-BE2441344125}.Release|Any CPU.Build.0 = Release|Any CPU
	EndGlobalSection
	GlobalSection(SolutionProperties) = preSolution
		HideSolutionNode = FALSE
	EndGlobalSection
	GlobalSection(ExtensibilityGlobals) = postSolution
		SolutionGuid = {B1E4A535-94A8-4B9F-98DB-1EFDD6499E5D}
	EndGlobalSection
EndGlobal
